// !$*UTF8*$!
{
	archiveVersion = 1;
	classes = {
	};
	objectVersion = 55;
	objects = {

/* Begin PBXBuildFile section */
		6D754F40280EE01700C5D768 /* AppDelegate.swift in Sources */ = {isa = PBXBuildFile; fileRef = 6D754F3F280EE01700C5D768 /* AppDelegate.swift */; };
		6D754F42280EE01700C5D768 /* SceneDelegate.swift in Sources */ = {isa = PBXBuildFile; fileRef = 6D754F41280EE01700C5D768 /* SceneDelegate.swift */; };
		6D754F47280EE01700C5D768 /* Main.storyboard in Resources */ = {isa = PBXBuildFile; fileRef = 6D754F45280EE01700C5D768 /* Main.storyboard */; };
		6D754F49280EE01B00C5D768 /* Assets.xcassets in Resources */ = {isa = PBXBuildFile; fileRef = 6D754F48280EE01B00C5D768 /* Assets.xcassets */; };
		6D754F4C280EE01B00C5D768 /* LaunchScreen.storyboard in Resources */ = {isa = PBXBuildFile; fileRef = 6D754F4A280EE01B00C5D768 /* LaunchScreen.storyboard */; };
		6D754F54280F38EB00C5D768 /* HomeCollectionViewController.swift in Sources */ = {isa = PBXBuildFile; fileRef = 6D754F53280F38EB00C5D768 /* HomeCollectionViewController.swift */; };
		6D754F59280F398400C5D768 /* HabitCollectionViewController.swift in Sources */ = {isa = PBXBuildFile; fileRef = 6D754F58280F398400C5D768 /* HabitCollectionViewController.swift */; };
		6D754F5B280F399000C5D768 /* UserCollectionViewController.swift in Sources */ = {isa = PBXBuildFile; fileRef = 6D754F5A280F399000C5D768 /* UserCollectionViewController.swift */; };
		6D754F5D280F399900C5D768 /* LogHabitCollectionViewController.swift in Sources */ = {isa = PBXBuildFile; fileRef = 6D754F5C280F399900C5D768 /* LogHabitCollectionViewController.swift */; };
		6D754F5F280F3C0200C5D768 /* HabitDetailViewController.swift in Sources */ = {isa = PBXBuildFile; fileRef = 6D754F5E280F3C0200C5D768 /* HabitDetailViewController.swift */; };
		6D754F61280F3C1000C5D768 /* UserDetailViewController.swift in Sources */ = {isa = PBXBuildFile; fileRef = 6D754F60280F3C1000C5D768 /* UserDetailViewController.swift */; };
		6D768450280F3F95002298E3 /* Habit.swift in Sources */ = {isa = PBXBuildFile; fileRef = 6D76844F280F3F95002298E3 /* Habit.swift */; };
		6D768453280F4138002298E3 /* APIRequest.swift in Sources */ = {isa = PBXBuildFile; fileRef = 6D768452280F4138002298E3 /* APIRequest.swift */; };
		6D768455280F49E1002298E3 /* HabitRequest.swift in Sources */ = {isa = PBXBuildFile; fileRef = 6D768454280F49E1002298E3 /* HabitRequest.swift */; };
		6D768457280F4D68002298E3 /* PrimarySecondaryTextCollectionViewCell.swift in Sources */ = {isa = PBXBuildFile; fileRef = 6D768456280F4D68002298E3 /* PrimarySecondaryTextCollectionViewCell.swift */; };
		6D768459280F5494002298E3 /* Category.swift in Sources */ = {isa = PBXBuildFile; fileRef = 6D768458280F5494002298E3 /* Category.swift */; };
		6D76845B280F54A1002298E3 /* Color.swift in Sources */ = {isa = PBXBuildFile; fileRef = 6D76845A280F54A1002298E3 /* Color.swift */; };
		6D7684602811632A002298E3 /* Settings.swift in Sources */ = {isa = PBXBuildFile; fileRef = 6D76845F28116329002298E3 /* Settings.swift */; };
		6D768462281164D2002298E3 /* UICollectionViewDiffableDataSource+ViewModel.swift in Sources */ = {isa = PBXBuildFile; fileRef = 6D768461281164D2002298E3 /* UICollectionViewDiffableDataSource+ViewModel.swift */; };
		6D768464281167EF002298E3 /* NamedSectionHeaderView.swift in Sources */ = {isa = PBXBuildFile; fileRef = 6D768463281167EF002298E3 /* NamedSectionHeaderView.swift */; };
		6D76846628116A9E002298E3 /* User.swift in Sources */ = {isa = PBXBuildFile; fileRef = 6D76846528116A9E002298E3 /* User.swift */; };
		6D76846828116BD0002298E3 /* UserRequest.swift in Sources */ = {isa = PBXBuildFile; fileRef = 6D76846728116BD0002298E3 /* UserRequest.swift */; };
		6D76846B28117143002298E3 /* HabitStatistics.swift in Sources */ = {isa = PBXBuildFile; fileRef = 6D76846A28117143002298E3 /* HabitStatistics.swift */; };
		6D76846D28117161002298E3 /* UserCount.swift in Sources */ = {isa = PBXBuildFile; fileRef = 6D76846C28117161002298E3 /* UserCount.swift */; };
		6D76846F281171BA002298E3 /* HabitStatisticsRequest.swift in Sources */ = {isa = PBXBuildFile; fileRef = 6D76846E281171BA002298E3 /* HabitStatisticsRequest.swift */; };
		6D76847128118B49002298E3 /* UserStatistics.swift in Sources */ = {isa = PBXBuildFile; fileRef = 6D76847028118B49002298E3 /* UserStatistics.swift */; };
		6D76847328118B5D002298E3 /* HabitCount.swift in Sources */ = {isa = PBXBuildFile; fileRef = 6D76847228118B5D002298E3 /* HabitCount.swift */; };
		6D76847528118BA3002298E3 /* UserStatisticsRequest.swift in Sources */ = {isa = PBXBuildFile; fileRef = 6D76847428118BA3002298E3 /* UserStatisticsRequest.swift */; };
		6D76847728118E98002298E3 /* ImageRequest.swift in Sources */ = {isa = PBXBuildFile; fileRef = 6D76847628118E98002298E3 /* ImageRequest.swift */; };
		6D76847928119086002298E3 /* LoggedHabit.swift in Sources */ = {isa = PBXBuildFile; fileRef = 6D76847828119086002298E3 /* LoggedHabit.swift */; };
		6D76847B281190A2002298E3 /* LogHabitRequest.swift in Sources */ = {isa = PBXBuildFile; fileRef = 6D76847A281190A2002298E3 /* LogHabitRequest.swift */; };
		6D76847D28119144002298E3 /* LeaderboardHabitCollectionViewCell.swift in Sources */ = {isa = PBXBuildFile; fileRef = 6D76847C28119144002298E3 /* LeaderboardHabitCollectionViewCell.swift */; };
		6D76847F281191B2002298E3 /* CombinedStatistics.swift in Sources */ = {isa = PBXBuildFile; fileRef = 6D76847E281191B2002298E3 /* CombinedStatistics.swift */; };
		6D768481281191CB002298E3 /* CombinedStatisticsRequest.swift in Sources */ = {isa = PBXBuildFile; fileRef = 6D768480281191CB002298E3 /* CombinedStatisticsRequest.swift */; };
		6DDBF3A7281412E50004B639 /* SupplementaryItem.swift in Sources */ = {isa = PBXBuildFile; fileRef = 6DDBF3A6281412E50004B639 /* SupplementaryItem.swift */; };
/* End PBXBuildFile section */

/* Begin PBXFileReference section */
		6D754F3C280EE01700C5D768 /* HabitsGuidedProject.app */ = {isa = PBXFileReference; explicitFileType = wrapper.application; includeInIndex = 0; path = HabitsGuidedProject.app; sourceTree = BUILT_PRODUCTS_DIR; };
		6D754F3F280EE01700C5D768 /* AppDelegate.swift */ = {isa = PBXFileReference; lastKnownFileType = sourcecode.swift; path = AppDelegate.swift; sourceTree = "<group>"; };
		6D754F41280EE01700C5D768 /* SceneDelegate.swift */ = {isa = PBXFileReference; lastKnownFileType = sourcecode.swift; path = SceneDelegate.swift; sourceTree = "<group>"; };
		6D754F46280EE01700C5D768 /* Base */ = {isa = PBXFileReference; lastKnownFileType = file.storyboard; name = Base; path = Base.lproj/Main.storyboard; sourceTree = "<group>"; };
		6D754F48280EE01B00C5D768 /* Assets.xcassets */ = {isa = PBXFileReference; lastKnownFileType = folder.assetcatalog; path = Assets.xcassets; sourceTree = "<group>"; };
		6D754F4B280EE01B00C5D768 /* Base */ = {isa = PBXFileReference; lastKnownFileType = file.storyboard; name = Base; path = Base.lproj/LaunchScreen.storyboard; sourceTree = "<group>"; };
		6D754F4D280EE01B00C5D768 /* Info.plist */ = {isa = PBXFileReference; lastKnownFileType = text.plist.xml; path = Info.plist; sourceTree = "<group>"; };
		6D754F53280F38EB00C5D768 /* HomeCollectionViewController.swift */ = {isa = PBXFileReference; lastKnownFileType = sourcecode.swift; path = HomeCollectionViewController.swift; sourceTree = "<group>"; };
		6D754F58280F398400C5D768 /* HabitCollectionViewController.swift */ = {isa = PBXFileReference; lastKnownFileType = sourcecode.swift; path = HabitCollectionViewController.swift; sourceTree = "<group>"; };
		6D754F5A280F399000C5D768 /* UserCollectionViewController.swift */ = {isa = PBXFileReference; lastKnownFileType = sourcecode.swift; path = UserCollectionViewController.swift; sourceTree = "<group>"; };
		6D754F5C280F399900C5D768 /* LogHabitCollectionViewController.swift */ = {isa = PBXFileReference; lastKnownFileType = sourcecode.swift; path = LogHabitCollectionViewController.swift; sourceTree = "<group>"; };
		6D754F5E280F3C0200C5D768 /* HabitDetailViewController.swift */ = {isa = PBXFileReference; lastKnownFileType = sourcecode.swift; path = HabitDetailViewController.swift; sourceTree = "<group>"; };
		6D754F60280F3C1000C5D768 /* UserDetailViewController.swift */ = {isa = PBXFileReference; lastKnownFileType = sourcecode.swift; path = UserDetailViewController.swift; sourceTree = "<group>"; };
		6D76844F280F3F95002298E3 /* Habit.swift */ = {isa = PBXFileReference; lastKnownFileType = sourcecode.swift; path = Habit.swift; sourceTree = "<group>"; };
		6D768452280F4138002298E3 /* APIRequest.swift */ = {isa = PBXFileReference; lastKnownFileType = sourcecode.swift; path = APIRequest.swift; sourceTree = "<group>"; };
		6D768454280F49E1002298E3 /* HabitRequest.swift */ = {isa = PBXFileReference; lastKnownFileType = sourcecode.swift; path = HabitRequest.swift; sourceTree = "<group>"; };
		6D768456280F4D68002298E3 /* PrimarySecondaryTextCollectionViewCell.swift */ = {isa = PBXFileReference; lastKnownFileType = sourcecode.swift; path = PrimarySecondaryTextCollectionViewCell.swift; sourceTree = "<group>"; };
		6D768458280F5494002298E3 /* Category.swift */ = {isa = PBXFileReference; lastKnownFileType = sourcecode.swift; path = Category.swift; sourceTree = "<group>"; };
		6D76845A280F54A1002298E3 /* Color.swift */ = {isa = PBXFileReference; lastKnownFileType = sourcecode.swift; path = Color.swift; sourceTree = "<group>"; };
		6D76845F28116329002298E3 /* Settings.swift */ = {isa = PBXFileReference; lastKnownFileType = sourcecode.swift; path = Settings.swift; sourceTree = "<group>"; };
		6D768461281164D2002298E3 /* UICollectionViewDiffableDataSource+ViewModel.swift */ = {isa = PBXFileReference; lastKnownFileType = sourcecode.swift; path = "UICollectionViewDiffableDataSource+ViewModel.swift"; sourceTree = "<group>"; };
		6D768463281167EF002298E3 /* NamedSectionHeaderView.swift */ = {isa = PBXFileReference; lastKnownFileType = sourcecode.swift; path = NamedSectionHeaderView.swift; sourceTree = "<group>"; };
		6D76846528116A9E002298E3 /* User.swift */ = {isa = PBXFileReference; lastKnownFileType = sourcecode.swift; path = User.swift; sourceTree = "<group>"; };
		6D76846728116BD0002298E3 /* UserRequest.swift */ = {isa = PBXFileReference; lastKnownFileType = sourcecode.swift; path = UserRequest.swift; sourceTree = "<group>"; };
		6D76846A28117143002298E3 /* HabitStatistics.swift */ = {isa = PBXFileReference; lastKnownFileType = sourcecode.swift; path = HabitStatistics.swift; sourceTree = "<group>"; };
		6D76846C28117161002298E3 /* UserCount.swift */ = {isa = PBXFileReference; lastKnownFileType = sourcecode.swift; path = UserCount.swift; sourceTree = "<group>"; };
		6D76846E281171BA002298E3 /* HabitStatisticsRequest.swift */ = {isa = PBXFileReference; lastKnownFileType = sourcecode.swift; path = HabitStatisticsRequest.swift; sourceTree = "<group>"; };
		6D76847028118B49002298E3 /* UserStatistics.swift */ = {isa = PBXFileReference; lastKnownFileType = sourcecode.swift; path = UserStatistics.swift; sourceTree = "<group>"; };
		6D76847228118B5D002298E3 /* HabitCount.swift */ = {isa = PBXFileReference; lastKnownFileType = sourcecode.swift; path = HabitCount.swift; sourceTree = "<group>"; };
		6D76847428118BA3002298E3 /* UserStatisticsRequest.swift */ = {isa = PBXFileReference; lastKnownFileType = sourcecode.swift; path = UserStatisticsRequest.swift; sourceTree = "<group>"; };
		6D76847628118E98002298E3 /* ImageRequest.swift */ = {isa = PBXFileReference; lastKnownFileType = sourcecode.swift; path = ImageRequest.swift; sourceTree = "<group>"; };
		6D76847828119086002298E3 /* LoggedHabit.swift */ = {isa = PBXFileReference; lastKnownFileType = sourcecode.swift; path = LoggedHabit.swift; sourceTree = "<group>"; };
		6D76847A281190A2002298E3 /* LogHabitRequest.swift */ = {isa = PBXFileReference; lastKnownFileType = sourcecode.swift; path = LogHabitRequest.swift; sourceTree = "<group>"; };
		6D76847C28119144002298E3 /* LeaderboardHabitCollectionViewCell.swift */ = {isa = PBXFileReference; lastKnownFileType = sourcecode.swift; path = LeaderboardHabitCollectionViewCell.swift; sourceTree = "<group>"; };
		6D76847E281191B2002298E3 /* CombinedStatistics.swift */ = {isa = PBXFileReference; lastKnownFileType = sourcecode.swift; path = CombinedStatistics.swift; sourceTree = "<group>"; };
		6D768480281191CB002298E3 /* CombinedStatisticsRequest.swift */ = {isa = PBXFileReference; lastKnownFileType = sourcecode.swift; path = CombinedStatisticsRequest.swift; sourceTree = "<group>"; };
		6DDBF3A6281412E50004B639 /* SupplementaryItem.swift */ = {isa = PBXFileReference; lastKnownFileType = sourcecode.swift; path = SupplementaryItem.swift; sourceTree = "<group>"; };
/* End PBXFileReference section */

/* Begin PBXFrameworksBuildPhase section */
		6D754F39280EE01600C5D768 /* Frameworks */ = {
			isa = PBXFrameworksBuildPhase;
			buildActionMask = 2147483647;
			files = (
			);
			runOnlyForDeploymentPostprocessing = 0;
		};
/* End PBXFrameworksBuildPhase section */

/* Begin PBXGroup section */
		6D754F33280EE01600C5D768 = {
			isa = PBXGroup;
			children = (
				6D754F3E280EE01700C5D768 /* HabitsGuidedProject */,
				6D754F3D280EE01700C5D768 /* Products */,
			);
			sourceTree = "<group>";
		};
		6D754F3D280EE01700C5D768 /* Products */ = {
			isa = PBXGroup;
			children = (
				6D754F3C280EE01700C5D768 /* HabitsGuidedProject.app */,
			);
			name = Products;
			sourceTree = "<group>";
		};
		6D754F3E280EE01700C5D768 /* HabitsGuidedProject */ = {
			isa = PBXGroup;
			children = (
				6D768451280F410F002298E3 /* Requests */,
				6D754F57280F391A00C5D768 /* Views */,
				6D754F56280F391300C5D768 /* Models */,
				6D754F55280F390400C5D768 /* ViewControllers */,
				6D754F3F280EE01700C5D768 /* AppDelegate.swift */,
				6D754F41280EE01700C5D768 /* SceneDelegate.swift */,
				6D754F45280EE01700C5D768 /* Main.storyboard */,
				6D754F48280EE01B00C5D768 /* Assets.xcassets */,
				6D754F4A280EE01B00C5D768 /* LaunchScreen.storyboard */,
				6D754F4D280EE01B00C5D768 /* Info.plist */,
			);
			path = HabitsGuidedProject;
			sourceTree = "<group>";
		};
		6D754F55280F390400C5D768 /* ViewControllers */ = {
			isa = PBXGroup;
			children = (
				6D754F53280F38EB00C5D768 /* HomeCollectionViewController.swift */,
				6D754F58280F398400C5D768 /* HabitCollectionViewController.swift */,
				6D754F5A280F399000C5D768 /* UserCollectionViewController.swift */,
				6D754F5C280F399900C5D768 /* LogHabitCollectionViewController.swift */,
				6D754F5E280F3C0200C5D768 /* HabitDetailViewController.swift */,
				6D754F60280F3C1000C5D768 /* UserDetailViewController.swift */,
			);
			path = ViewControllers;
			sourceTree = "<group>";
		};
		6D754F56280F391300C5D768 /* Models */ = {
			isa = PBXGroup;
			children = (
				6D76844F280F3F95002298E3 /* Habit.swift */,
				6D768458280F5494002298E3 /* Category.swift */,
				6D76845A280F54A1002298E3 /* Color.swift */,
				6D76845F28116329002298E3 /* Settings.swift */,
				6D76846528116A9E002298E3 /* User.swift */,
				6D76846A28117143002298E3 /* HabitStatistics.swift */,
				6D76846C28117161002298E3 /* UserCount.swift */,
				6D76847028118B49002298E3 /* UserStatistics.swift */,
				6D76847228118B5D002298E3 /* HabitCount.swift */,
				6D76847828119086002298E3 /* LoggedHabit.swift */,
				6D76847E281191B2002298E3 /* CombinedStatistics.swift */,
			);
			path = Models;
			sourceTree = "<group>";
		};
		6D754F57280F391A00C5D768 /* Views */ = {
			isa = PBXGroup;
			children = (
				6D768456280F4D68002298E3 /* PrimarySecondaryTextCollectionViewCell.swift */,
				6D768463281167EF002298E3 /* NamedSectionHeaderView.swift */,
				6D76847C28119144002298E3 /* LeaderboardHabitCollectionViewCell.swift */,
			);
			path = Views;
			sourceTree = "<group>";
		};
		6D768451280F410F002298E3 /* Requests */ = {
			isa = PBXGroup;
			children = (
				6D768452280F4138002298E3 /* APIRequest.swift */,
				6DDBF3A6281412E50004B639 /* SupplementaryItem.swift */,
				6D76846928116BFD002298E3 /* APIService */,
				6D768461281164D2002298E3 /* UICollectionViewDiffableDataSource+ViewModel.swift */,
			);
			path = Requests;
			sourceTree = "<group>";
		};
		6D76846928116BFD002298E3 /* APIService */ = {
			isa = PBXGroup;
			children = (
				6D768454280F49E1002298E3 /* HabitRequest.swift */,
				6D76846728116BD0002298E3 /* UserRequest.swift */,
				6D76846E281171BA002298E3 /* HabitStatisticsRequest.swift */,
				6D76847428118BA3002298E3 /* UserStatisticsRequest.swift */,
				6D76847628118E98002298E3 /* ImageRequest.swift */,
				6D76847A281190A2002298E3 /* LogHabitRequest.swift */,
				6D768480281191CB002298E3 /* CombinedStatisticsRequest.swift */,
			);
			path = APIService;
			sourceTree = "<group>";
		};
/* End PBXGroup section */

/* Begin PBXNativeTarget section */
		6D754F3B280EE01600C5D768 /* HabitsGuidedProject */ = {
			isa = PBXNativeTarget;
			buildConfigurationList = 6D754F50280EE01B00C5D768 /* Build configuration list for PBXNativeTarget "HabitsGuidedProject" */;
			buildPhases = (
				6D754F38280EE01600C5D768 /* Sources */,
				6D754F39280EE01600C5D768 /* Frameworks */,
				6D754F3A280EE01600C5D768 /* Resources */,
			);
			buildRules = (
			);
			dependencies = (
			);
			name = HabitsGuidedProject;
			productName = HabitsGuidedProject;
			productReference = 6D754F3C280EE01700C5D768 /* HabitsGuidedProject.app */;
			productType = "com.apple.product-type.application";
		};
/* End PBXNativeTarget section */

/* Begin PBXProject section */
		6D754F34280EE01600C5D768 /* Project object */ = {
			isa = PBXProject;
			attributes = {
				BuildIndependentTargetsInParallel = 1;
				LastSwiftUpdateCheck = 1330;
				LastUpgradeCheck = 1330;
				TargetAttributes = {
					6D754F3B280EE01600C5D768 = {
						CreatedOnToolsVersion = 13.3.1;
					};
				};
			};
			buildConfigurationList = 6D754F37280EE01600C5D768 /* Build configuration list for PBXProject "HabitsGuidedProject" */;
			compatibilityVersion = "Xcode 13.0";
			developmentRegion = en;
			hasScannedForEncodings = 0;
			knownRegions = (
				en,
				Base,
			);
			mainGroup = 6D754F33280EE01600C5D768;
			productRefGroup = 6D754F3D280EE01700C5D768 /* Products */;
			projectDirPath = "";
			projectRoot = "";
			targets = (
				6D754F3B280EE01600C5D768 /* HabitsGuidedProject */,
			);
		};
/* End PBXProject section */

/* Begin PBXResourcesBuildPhase section */
		6D754F3A280EE01600C5D768 /* Resources */ = {
			isa = PBXResourcesBuildPhase;
			buildActionMask = 2147483647;
			files = (
				6D754F4C280EE01B00C5D768 /* LaunchScreen.storyboard in Resources */,
				6D754F49280EE01B00C5D768 /* Assets.xcassets in Resources */,
				6D754F47280EE01700C5D768 /* Main.storyboard in Resources */,
			);
			runOnlyForDeploymentPostprocessing = 0;
		};
/* End PBXResourcesBuildPhase section */

/* Begin PBXSourcesBuildPhase section */
		6D754F38280EE01600C5D768 /* Sources */ = {
			isa = PBXSourcesBuildPhase;
			buildActionMask = 2147483647;
			files = (
				6D754F54280F38EB00C5D768 /* HomeCollectionViewController.swift in Sources */,
				6D76846F281171BA002298E3 /* HabitStatisticsRequest.swift in Sources */,
				6D76846D28117161002298E3 /* UserCount.swift in Sources */,
				6D76846828116BD0002298E3 /* UserRequest.swift in Sources */,
				6D768462281164D2002298E3 /* UICollectionViewDiffableDataSource+ViewModel.swift in Sources */,
				6D768464281167EF002298E3 /* NamedSectionHeaderView.swift in Sources */,
				6D76847B281190A2002298E3 /* LogHabitRequest.swift in Sources */,
				6D754F61280F3C1000C5D768 /* UserDetailViewController.swift in Sources */,
				6D754F5B280F399000C5D768 /* UserCollectionViewController.swift in Sources */,
				6D768457280F4D68002298E3 /* PrimarySecondaryTextCollectionViewCell.swift in Sources */,
				6D76846B28117143002298E3 /* HabitStatistics.swift in Sources */,
				6D76847F281191B2002298E3 /* CombinedStatistics.swift in Sources */,
				6D754F5F280F3C0200C5D768 /* HabitDetailViewController.swift in Sources */,
				6D754F59280F398400C5D768 /* HabitCollectionViewController.swift in Sources */,
				6D754F40280EE01700C5D768 /* AppDelegate.swift in Sources */,
				6D768455280F49E1002298E3 /* HabitRequest.swift in Sources */,
				6D768450280F3F95002298E3 /* Habit.swift in Sources */,
				6D7684602811632A002298E3 /* Settings.swift in Sources */,
				6D76845B280F54A1002298E3 /* Color.swift in Sources */,
				6D768459280F5494002298E3 /* Category.swift in Sources */,
				6D768481281191CB002298E3 /* CombinedStatisticsRequest.swift in Sources */,
				6D76847128118B49002298E3 /* UserStatistics.swift in Sources */,
				6D76847928119086002298E3 /* LoggedHabit.swift in Sources */,
				6D76846628116A9E002298E3 /* User.swift in Sources */,
				6D76847D28119144002298E3 /* LeaderboardHabitCollectionViewCell.swift in Sources */,
				6D76847328118B5D002298E3 /* HabitCount.swift in Sources */,
				6DDBF3A7281412E50004B639 /* SupplementaryItem.swift in Sources */,
				6D76847728118E98002298E3 /* ImageRequest.swift in Sources */,
				6D754F5D280F399900C5D768 /* LogHabitCollectionViewController.swift in Sources */,
				6D768453280F4138002298E3 /* APIRequest.swift in Sources */,
				6D76847528118BA3002298E3 /* UserStatisticsRequest.swift in Sources */,
				6D754F42280EE01700C5D768 /* SceneDelegate.swift in Sources */,
			);
			runOnlyForDeploymentPostprocessing = 0;
		};
/* End PBXSourcesBuildPhase section */

/* Begin PBXVariantGroup section */
		6D754F45280EE01700C5D768 /* Main.storyboard */ = {
			isa = PBXVariantGroup;
			children = (
				6D754F46280EE01700C5D768 /* Base */,
			);
			name = Main.storyboard;
			sourceTree = "<group>";
		};
		6D754F4A280EE01B00C5D768 /* LaunchScreen.storyboard */ = {
			isa = PBXVariantGroup;
			children = (
				6D754F4B280EE01B00C5D768 /* Base */,
			);
			name = LaunchScreen.storyboard;
			sourceTree = "<group>";
		};
/* End PBXVariantGroup section */

/* Begin XCBuildConfiguration section */
		6D754F4E280EE01B00C5D768 /* Debug */ = {
			isa = XCBuildConfiguration;
			buildSettings = {
				ALWAYS_SEARCH_USER_PATHS = NO;
				CLANG_ANALYZER_NONNULL = YES;
				CLANG_ANALYZER_NUMBER_OBJECT_CONVERSION = YES_AGGRESSIVE;
				CLANG_CXX_LANGUAGE_STANDARD = "gnu++17";
				CLANG_ENABLE_MODULES = YES;
				CLANG_ENABLE_OBJC_ARC = YES;
				CLANG_ENABLE_OBJC_WEAK = YES;
				CLANG_WARN_BLOCK_CAPTURE_AUTORELEASING = YES;
				CLANG_WARN_BOOL_CONVERSION = YES;
				CLANG_WARN_COMMA = YES;
				CLANG_WARN_CONSTANT_CONVERSION = YES;
				CLANG_WARN_DEPRECATED_OBJC_IMPLEMENTATIONS = YES;
				CLANG_WARN_DIRECT_OBJC_ISA_USAGE = YES_ERROR;
				CLANG_WARN_DOCUMENTATION_COMMENTS = YES;
				CLANG_WARN_EMPTY_BODY = YES;
				CLANG_WARN_ENUM_CONVERSION = YES;
				CLANG_WARN_INFINITE_RECURSION = YES;
				CLANG_WARN_INT_CONVERSION = YES;
				CLANG_WARN_NON_LITERAL_NULL_CONVERSION = YES;
				CLANG_WARN_OBJC_IMPLICIT_RETAIN_SELF = YES;
				CLANG_WARN_OBJC_LITERAL_CONVERSION = YES;
				CLANG_WARN_OBJC_ROOT_CLASS = YES_ERROR;
				CLANG_WARN_QUOTED_INCLUDE_IN_FRAMEWORK_HEADER = YES;
				CLANG_WARN_RANGE_LOOP_ANALYSIS = YES;
				CLANG_WARN_STRICT_PROTOTYPES = YES;
				CLANG_WARN_SUSPICIOUS_MOVE = YES;
				CLANG_WARN_UNGUARDED_AVAILABILITY = YES_AGGRESSIVE;
				CLANG_WARN_UNREACHABLE_CODE = YES;
				CLANG_WARN__DUPLICATE_METHOD_MATCH = YES;
				COPY_PHASE_STRIP = NO;
				DEBUG_INFORMATION_FORMAT = dwarf;
				ENABLE_STRICT_OBJC_MSGSEND = YES;
				ENABLE_TESTABILITY = YES;
				GCC_C_LANGUAGE_STANDARD = gnu11;
				GCC_DYNAMIC_NO_PIC = NO;
				GCC_NO_COMMON_BLOCKS = YES;
				GCC_OPTIMIZATION_LEVEL = 0;
				GCC_PREPROCESSOR_DEFINITIONS = (
					"DEBUG=1",
					"$(inherited)",
				);
				GCC_WARN_64_TO_32_BIT_CONVERSION = YES;
				GCC_WARN_ABOUT_RETURN_TYPE = YES_ERROR;
				GCC_WARN_UNDECLARED_SELECTOR = YES;
				GCC_WARN_UNINITIALIZED_AUTOS = YES_AGGRESSIVE;
				GCC_WARN_UNUSED_FUNCTION = YES;
				GCC_WARN_UNUSED_VARIABLE = YES;
				IPHONEOS_DEPLOYMENT_TARGET = 15.4;
				MTL_ENABLE_DEBUG_INFO = INCLUDE_SOURCE;
				MTL_FAST_MATH = YES;
				ONLY_ACTIVE_ARCH = YES;
				SDKROOT = iphoneos;
				SWIFT_ACTIVE_COMPILATION_CONDITIONS = DEBUG;
				SWIFT_OPTIMIZATION_LEVEL = "-Onone";
			};
			name = Debug;
		};
		6D754F4F280EE01B00C5D768 /* Release */ = {
			isa = XCBuildConfiguration;
			buildSettings = {
				ALWAYS_SEARCH_USER_PATHS = NO;
				CLANG_ANALYZER_NONNULL = YES;
				CLANG_ANALYZER_NUMBER_OBJECT_CONVERSION = YES_AGGRESSIVE;
				CLANG_CXX_LANGUAGE_STANDARD = "gnu++17";
				CLANG_ENABLE_MODULES = YES;
				CLANG_ENABLE_OBJC_ARC = YES;
				CLANG_ENABLE_OBJC_WEAK = YES;
				CLANG_WARN_BLOCK_CAPTURE_AUTORELEASING = YES;
				CLANG_WARN_BOOL_CONVERSION = YES;
				CLANG_WARN_COMMA = YES;
				CLANG_WARN_CONSTANT_CONVERSION = YES;
				CLANG_WARN_DEPRECATED_OBJC_IMPLEMENTATIONS = YES;
				CLANG_WARN_DIRECT_OBJC_ISA_USAGE = YES_ERROR;
				CLANG_WARN_DOCUMENTATION_COMMENTS = YES;
				CLANG_WARN_EMPTY_BODY = YES;
				CLANG_WARN_ENUM_CONVERSION = YES;
				CLANG_WARN_INFINITE_RECURSION = YES;
				CLANG_WARN_INT_CONVERSION = YES;
				CLANG_WARN_NON_LITERAL_NULL_CONVERSION = YES;
				CLANG_WARN_OBJC_IMPLICIT_RETAIN_SELF = YES;
				CLANG_WARN_OBJC_LITERAL_CONVERSION = YES;
				CLANG_WARN_OBJC_ROOT_CLASS = YES_ERROR;
				CLANG_WARN_QUOTED_INCLUDE_IN_FRAMEWORK_HEADER = YES;
				CLANG_WARN_RANGE_LOOP_ANALYSIS = YES;
				CLANG_WARN_STRICT_PROTOTYPES = YES;
				CLANG_WARN_SUSPICIOUS_MOVE = YES;
				CLANG_WARN_UNGUARDED_AVAILABILITY = YES_AGGRESSIVE;
				CLANG_WARN_UNREACHABLE_CODE = YES;
				CLANG_WARN__DUPLICATE_METHOD_MATCH = YES;
				COPY_PHASE_STRIP = NO;
				DEBUG_INFORMATION_FORMAT = "dwarf-with-dsym";
				ENABLE_NS_ASSERTIONS = NO;
				ENABLE_STRICT_OBJC_MSGSEND = YES;
				GCC_C_LANGUAGE_STANDARD = gnu11;
				GCC_NO_COMMON_BLOCKS = YES;
				GCC_WARN_64_TO_32_BIT_CONVERSION = YES;
				GCC_WARN_ABOUT_RETURN_TYPE = YES_ERROR;
				GCC_WARN_UNDECLARED_SELECTOR = YES;
				GCC_WARN_UNINITIALIZED_AUTOS = YES_AGGRESSIVE;
				GCC_WARN_UNUSED_FUNCTION = YES;
				GCC_WARN_UNUSED_VARIABLE = YES;
				IPHONEOS_DEPLOYMENT_TARGET = 15.4;
				MTL_ENABLE_DEBUG_INFO = NO;
				MTL_FAST_MATH = YES;
				SDKROOT = iphoneos;
				SWIFT_COMPILATION_MODE = wholemodule;
				SWIFT_OPTIMIZATION_LEVEL = "-O";
				VALIDATE_PRODUCT = YES;
			};
			name = Release;
		};
		6D754F51280EE01B00C5D768 /* Debug */ = {
			isa = XCBuildConfiguration;
			buildSettings = {
				ASSETCATALOG_COMPILER_APPICON_NAME = AppIcon;
				ASSETCATALOG_COMPILER_GLOBAL_ACCENT_COLOR_NAME = AccentColor;
				CODE_SIGN_STYLE = Automatic;
				CURRENT_PROJECT_VERSION = 1;
				GENERATE_INFOPLIST_FILE = YES;
				INFOPLIST_FILE = HabitsGuidedProject/Info.plist;
				INFOPLIST_KEY_UIApplicationSupportsIndirectInputEvents = YES;
				INFOPLIST_KEY_UILaunchStoryboardName = LaunchScreen;
				INFOPLIST_KEY_UIMainStoryboardFile = Main;
				INFOPLIST_KEY_UISupportedInterfaceOrientations_iPad = "UIInterfaceOrientationPortrait UIInterfaceOrientationPortraitUpsideDown UIInterfaceOrientationLandscapeLeft UIInterfaceOrientationLandscapeRight";
				INFOPLIST_KEY_UISupportedInterfaceOrientations_iPhone = "UIInterfaceOrientationPortrait UIInterfaceOrientationLandscapeLeft UIInterfaceOrientationLandscapeRight";
				LD_RUNPATH_SEARCH_PATHS = (
					"$(inherited)",
					"@executable_path/Frameworks",
				);
				MARKETING_VERSION = 1.0;
				PRODUCT_BUNDLE_IDENTIFIER = com.elective.HabitsGuidedProject;
				PRODUCT_NAME = "$(TARGET_NAME)";
				SWIFT_EMIT_LOC_STRINGS = YES;
				SWIFT_VERSION = 5.0;
				TARGETED_DEVICE_FAMILY = "1,2";
			};
			name = Debug;
		};
		6D754F52280EE01B00C5D768 /* Release */ = {
			isa = XCBuildConfiguration;
			buildSettings = {
				ASSETCATALOG_COMPILER_APPICON_NAME = AppIcon;
				ASSETCATALOG_COMPILER_GLOBAL_ACCENT_COLOR_NAME = AccentColor;
				CODE_SIGN_STYLE = Automatic;
				CURRENT_PROJECT_VERSION = 1;
				GENERATE_INFOPLIST_FILE = YES;
				INFOPLIST_FILE = HabitsGuidedProject/Info.plist;
				INFOPLIST_KEY_UIApplicationSupportsIndirectInputEvents = YES;
				INFOPLIST_KEY_UILaunchStoryboardName = LaunchScreen;
				INFOPLIST_KEY_UIMainStoryboardFile = Main;
				INFOPLIST_KEY_UISupportedInterfaceOrientations_iPad = "UIInterfaceOrientationPortrait UIInterfaceOrientationPortraitUpsideDown UIInterfaceOrientationLandscapeLeft UIInterfaceOrientationLandscapeRight";
				INFOPLIST_KEY_UISupportedInterfaceOrientations_iPhone = "UIInterfaceOrientationPortrait UIInterfaceOrientationLandscapeLeft UIInterfaceOrientationLandscapeRight";
				LD_RUNPATH_SEARCH_PATHS = (
					"$(inherited)",
					"@executable_path/Frameworks",
				);
				MARKETING_VERSION = 1.0;
				PRODUCT_BUNDLE_IDENTIFIER = com.elective.HabitsGuidedProject;
				PRODUCT_NAME = "$(TARGET_NAME)";
				SWIFT_EMIT_LOC_STRINGS = YES;
				SWIFT_VERSION = 5.0;
				TARGETED_DEVICE_FAMILY = "1,2";
			};
			name = Release;
		};
/* End XCBuildConfiguration section */

/* Begin XCConfigurationList section */
		6D754F37280EE01600C5D768 /* Build configuration list for PBXProject "HabitsGuidedProject" */ = {
			isa = XCConfigurationList;
			buildConfigurations = (
				6D754F4E280EE01B00C5D768 /* Debug */,
				6D754F4F280EE01B00C5D768 /* Release */,
			);
			defaultConfigurationIsVisible = 0;
			defaultConfigurationName = Release;
		};
		6D754F50280EE01B00C5D768 /* Build configuration list for PBXNativeTarget "HabitsGuidedProject" */ = {
			isa = XCConfigurationList;
			buildConfigurations = (
				6D754F51280EE01B00C5D768 /* Debug */,
				6D754F52280EE01B00C5D768 /* Release */,
			);
			defaultConfigurationIsVisible = 0;
			defaultConfigurationName = Release;
		};
/* End XCConfigurationList section */
	};
	rootObject = 6D754F34280EE01600C5D768 /* Project object */;
}
